// !$*UTF8*$!
{
	archiveVersion = 1;
	classes = {
	};
	objectVersion = 46;
	objects = {

/* Begin PBXBuildFile section */
		02901ECC1DE2CD310089EE8A /* main.m in Sources */ = {isa = PBXBuildFile; fileRef = 02901ECB1DE2CD310089EE8A /* main.m */; };
		02901ECF1DE2CD310089EE8A /* AppDelegate.m in Sources */ = {isa = PBXBuildFile; fileRef = 02901ECE1DE2CD310089EE8A /* AppDelegate.m */; };
		02901ED21DE2CD310089EE8A /* ViewController.m in Sources */ = {isa = PBXBuildFile; fileRef = 02901ED11DE2CD310089EE8A /* ViewController.m */; };
		02901ED51DE2CD310089EE8A /* Main.storyboard in Resources */ = {isa = PBXBuildFile; fileRef = 02901ED31DE2CD310089EE8A /* Main.storyboard */; };
		02901ED71DE2CD310089EE8A /* Assets.xcassets in Resources */ = {isa = PBXBuildFile; fileRef = 02901ED61DE2CD310089EE8A /* Assets.xcassets */; };
		02901EDA1DE2CD310089EE8A /* LaunchScreen.storyboard in Resources */ = {isa = PBXBuildFile; fileRef = 02901ED81DE2CD310089EE8A /* LaunchScreen.storyboard */; };
/* End PBXBuildFile section */

/* Begin PBXFileReference section */
		02901EC71DE2CD310089EE8A /* HelloAlertController.app */ = {isa = PBXFileReference; explicitFileType = wrapper.application; includeInIndex = 0; path = HelloAlertController.app; sourceTree = BUILT_PRODUCTS_DIR; };
		02901ECB1DE2CD310089EE8A /* main.m */ = {isa = PBXFileReference; lastKnownFileType = sourcecode.c.objc; path = main.m; sourceTree = "<group>"; };
		02901ECD1DE2CD310089EE8A /* AppDelegate.h */ = {isa = PBXFileReference; lastKnownFileType = sourcecode.c.h; path = AppDelegate.h; sourceTree = "<group>"; };
		02901ECE1DE2CD310089EE8A /* AppDelegate.m */ = {isa = PBXFileReference; lastKnownFileType = sourcecode.c.objc; path = AppDelegate.m; sourceTree = "<group>"; };
		02901ED01DE2CD310089EE8A /* ViewController.h */ = {isa = PBXFileReference; lastKnownFileType = sourcecode.c.h; path = ViewController.h; sourceTree = "<group>"; };
		02901ED11DE2CD310089EE8A /* ViewController.m */ = {isa = PBXFileReference; lastKnownFileType = sourcecode.c.objc; path = ViewController.m; sourceTree = "<group>"; };
		02901ED41DE2CD310089EE8A /* Base */ = {isa = PBXFileReference; lastKnownFileType = file.storyboard; name = Base; path = Base.lproj/Main.storyboard; sourceTree = "<group>"; };
		02901ED61DE2CD310089EE8A /* Assets.xcassets */ = {isa = PBXFileReference; lastKnownFileType = folder.assetcatalog; path = Assets.xcassets; sourceTree = "<group>"; };
		02901ED91DE2CD310089EE8A /* Base */ = {isa = PBXFileReference; lastKnownFileType = file.storyboard; name = Base; path = Base.lproj/LaunchScreen.storyboard; sourceTree = "<group>"; };
		02901EDB1DE2CD310089EE8A /* Info.plist */ = {isa = PBXFileReference; lastKnownFileType = text.plist.xml; path = Info.plist; sourceTree = "<group>"; };
/* End PBXFileReference section */

/* Begin PBXFrameworksBuildPhase section */
		02901EC41DE2CD300089EE8A /* Frameworks */ = {
			isa = PBXFrameworksBuildPhase;
			buildActionMask = 2147483647;
			files = (
			);
			runOnlyForDeploymentPostprocessing = 0;
		};
/* End PBXFrameworksBuildPhase section */

/* Begin PBXGroup section */
		02901EBE1DE2CD300089EE8A = {
			isa = PBXGroup;
			children = (
				02901EC91DE2CD310089EE8A /* HelloAlertController */,
				02901EC81DE2CD310089EE8A /* Products */,
			);
			sourceTree = "<group>";
		};
		02901EC81DE2CD310089EE8A /* Products */ = {
			isa = PBXGroup;
			children = (
				02901EC71DE2CD310089EE8A /* HelloAlertController.app */,
			);
			name = Products;
			sourceTree = "<group>";
		};
		02901EC91DE2CD310089EE8A /* HelloAlertController */ = {
			isa = PBXGroup;
			children = (
				02901ECD1DE2CD310089EE8A /* AppDelegate.h */,
				02901ECE1DE2CD310089EE8A /* AppDelegate.m */,
				02901ED01DE2CD310089EE8A /* ViewController.h */,
				02901ED11DE2CD310089EE8A /* ViewController.m */,
				02901ED31DE2CD310089EE8A /* Main.storyboard */,
				02901ED61DE2CD310089EE8A /* Assets.xcassets */,
				02901ED81DE2CD310089EE8A /* LaunchScreen.storyboard */,
				02901EDB1DE2CD310089EE8A /* Info.plist */,
				02901ECA1DE2CD310089EE8A /* Supporting Files */,
			);
			path = HelloAlertController;
			sourceTree = "<group>";
		};
		02901ECA1DE2CD310089EE8A /* Supporting Files */ = {
			isa = PBXGroup;
			children = (
				02901ECB1DE2CD310089EE8A /* main.m */,
			);
			name = "Supporting Files";
			sourceTree = "<group>";
		};
/* End PBXGroup section */

/* Begin PBXNativeTarget section */
		02901EC61DE2CD300089EE8A /* HelloAlertController */ = {
			isa = PBXNativeTarget;
			buildConfigurationList = 02901EDE1DE2CD310089EE8A /* Build configuration list for PBXNativeTarget "HelloAlertController" */;
			buildPhases = (
				02901EC31DE2CD300089EE8A /* Sources */,
				02901EC41DE2CD300089EE8A /* Frameworks */,
				02901EC51DE2CD300089EE8A /* Resources */,
			);
			buildRules = (
			);
			dependencies = (
			);
			name = HelloAlertController;
			productName = HelloAlertController;
			productReference = 02901EC71DE2CD310089EE8A /* HelloAlertController.app */;
			productType = "com.apple.product-type.application";
		};
/* End PBXNativeTarget section */

/* Begin PBXProject section */
		02901EBF1DE2CD300089EE8A /* Project object */ = {
			isa = PBXProject;
			attributes = {
				LastUpgradeCheck = 0810;
				ORGANIZATIONNAME = com.glee;
				TargetAttributes = {
					02901EC61DE2CD300089EE8A = {
						CreatedOnToolsVersion = 8.1;
						ProvisioningStyle = Automatic;
					};
				};
			};
			buildConfigurationList = 02901EC21DE2CD300089EE8A /* Build configuration list for PBXProject "HelloAlertController" */;
			compatibilityVersion = "Xcode 3.2";
			developmentRegion = English;
			hasScannedForEncodings = 0;
			knownRegions = (
				en,
				Base,
			);
			mainGroup = 02901EBE1DE2CD300089EE8A;
			productRefGroup = 02901EC81DE2CD310089EE8A /* Products */;
			projectDirPath = "";
			projectRoot = "";
			targets = (
				02901EC61DE2CD300089EE8A /* HelloAlertController */,
			);
		};
/* End PBXProject section */

/* Begin PBXResourcesBuildPhase section */
		02901EC51DE2CD300089EE8A /* Resources */ = {
			isa = PBXResourcesBuildPhase;
			buildActionMask = 2147483647;
			files = (
				02901EDA1DE2CD310089EE8A /* LaunchScreen.storyboard in Resources */,
				02901ED71DE2CD310089EE8A /* Assets.xcassets in Resources */,
				02901ED51DE2CD310089EE8A /* Main.storyboard in Resources */,
			);
			runOnlyForDeploymentPostprocessing = 0;
		};
/* End PBXResourcesBuildPhase section */

/* Begin PBXSourcesBuildPhase section */
		02901EC31DE2CD300089EE8A /* Sources */ = {
			isa = PBXSourcesBuildPhase;
			buildActionMask = 2147483647;
			files = (
				02901ED21DE2CD310089EE8A /* ViewController.m in Sources */,
				02901ECF1DE2CD310089EE8A /* AppDelegate.m in Sources */,
				02901ECC1DE2CD310089EE8A /* main.m in Sources */,
			);
			runOnlyForDeploymentPostprocessing = 0;
		};
/* End PBXSourcesBuildPhase section */

/* Begin PBXVariantGroup section */
		02901ED31DE2CD310089EE8A /* Main.storyboard */ = {
			isa = PBXVariantGroup;
			children = (
				02901ED41DE2CD310089EE8A /* Base */,
			);
			name = Main.storyboard;
			sourceTree = "<group>";
		};
		02901ED81DE2CD310089EE8A /* LaunchScreen.storyboard */ = {
			isa = PBXVariantGroup;
			children = (
				02901ED91DE2CD310089EE8A /* Base */,
			);
			name = LaunchScreen.storyboard;
			sourceTree = "<group>";
		};
/* End PBXVariantGroup section */

/* Begin XCBuildConfiguration section */
		02901EDC1DE2CD310089EE8A /* Debug */ = {
			isa = XCBuildConfiguration;
			buildSettings = {
				ALWAYS_SEARCH_USER_PATHS = NO;
				CLANG_ANALYZER_NONNULL = YES;
				CLANG_CXX_LANGUAGE_STANDARD = "gnu++0x";
				CLANG_CXX_LIBRARY = "libc++";
				CLANG_ENABLE_MODULES = YES;
				CLANG_ENABLE_OBJC_ARC = YES;
				CLANG_WARN_BOOL_CONVERSION = YES;
				CLANG_WARN_CONSTANT_CONVERSION = YES;
				CLANG_WARN_DIRECT_OBJC_ISA_USAGE = YES_ERROR;
				CLANG_WARN_DOCUMENTATION_COMMENTS = YES;
				CLANG_WARN_EMPTY_BODY = YES;
				CLANG_WARN_ENUM_CONVERSION = YES;
				CLANG_WARN_INFINITE_RECURSION = YES;
				CLANG_WARN_INT_CONVERSION = YES;
				CLANG_WARN_OBJC_ROOT_CLASS = YES_ERROR;
				CLANG_WARN_SUSPICIOUS_MOVES = YES;
				CLANG_WARN_UNREACHABLE_CODE = YES;
				CLANG_WARN__DUPLICATE_METHOD_MATCH = YES;
				"CODE_SIGN_IDENTITY[sdk=iphoneos*]" = "iPhone Developer";
				COPY_PHASE_STRIP = NO;
				DEBUG_INFORMATION_FORMAT = dwarf;
				ENABLE_STRICT_OBJC_MSGSEND = YES;
				ENABLE_TESTABILITY = YES;
				GCC_C_LANGUAGE_STANDARD = gnu99;
				GCC_DYNAMIC_NO_PIC = NO;
				GCC_NO_COMMON_BLOCKS = YES;
				GCC_OPTIMIZATION_LEVEL = 0;
				GCC_PREPROCESSOR_DEFINITIONS = (
					"DEBUG=1",
					"$(inherited)",
				);
				GCC_WARN_64_TO_32_BIT_CONVERSION = YES;
				GCC_WARN_ABOUT_RETURN_TYPE = YES_ERROR;
				GCC_WARN_UNDECLARED_SELECTOR = YES;
				GCC_WARN_UNINITIALIZED_AUTOS = YES_AGGRESSIVE;
				GCC_WARN_UNUSED_FUNCTION = YES;
				GCC_WARN_UNUSED_VARIABLE = YES;
				IPHONEOS_DEPLOYMENT_TARGET = 10.1;
				MTL_ENABLE_DEBUG_INFO = YES;
				ONLY_ACTIVE_ARCH = YES;
				SDKROOT = iphoneos;
			};
			name = Debug;
		};
		02901EDD1DE2CD310089EE8A /* Release */ = {
			isa = XCBuildConfiguration;
			buildSettings = {
				ALWAYS_SEARCH_USER_PATHS = NO;
				CLANG_ANALYZER_NONNULL = YES;
				CLANG_CXX_LANGUAGE_STANDARD = "gnu++0x";
				CLANG_CXX_LIBRARY = "libc++";
				CLANG_ENABLE_MODULES = YES;
				CLANG_ENABLE_OBJC_ARC = YES;
				CLANG_WARN_BOOL_CONVERSION = YES;
				CLANG_WARN_CONSTANT_CONVERSION = YES;
				CLANG_WARN_DIRECT_OBJC_ISA_USAGE = YES_ERROR;
				CLANG_WARN_DOCUMENTATION_COMMENTS = YES;
				CLANG_WARN_EMPTY_BODY = YES;
				CLANG_WARN_ENUM_CONVERSION = YES;
				CLANG_WARN_INFINITE_RECURSION = YES;
				CLANG_WARN_INT_CONVERSION = YES;
				CLANG_WARN_OBJC_ROOT_CLASS = YES_ERROR;
				CLANG_WARN_SUSPICIOUS_MOVES = YES;
				CLANG_WARN_UNREACHABLE_CODE = YES;
				CLANG_WARN__DUPLICATE_METHOD_MATCH = YES;
				"CODE_SIGN_IDENTITY[sdk=iphoneos*]" = "iPhone Developer";
				COPY_PHASE_STRIP = NO;
				DEBUG_INFORMATION_FORMAT = "dwarf-with-dsym";
				ENABLE_NS_ASSERTIONS = NO;
				ENABLE_STRICT_OBJC_MSGSEND = YES;
				GCC_C_LANGUAGE_STANDARD = gnu99;
				GCC_NO_COMMON_BLOCKS = YES;
				GCC_WARN_64_TO_32_BIT_CONVERSION = YES;
				GCC_WARN_ABOUT_RETURN_TYPE = YES_ERROR;
				GCC_WARN_UNDECLARED_SELECTOR = YES;
				GCC_WARN_UNINITIALIZED_AUTOS = YES_AGGRESSIVE;
				GCC_WARN_UNUSED_FUNCTION = YES;
				GCC_WARN_UNUSED_VARIABLE = YES;
				IPHONEOS_DEPLOYMENT_TARGET = 10.1;
				MTL_ENABLE_DEBUG_INFO = NO;
				SDKROOT = iphoneos;
				VALIDATE_PRODUCT = YES;
			};
			name = Release;
		};
		02901EDF1DE2CD310089EE8A /* Debug */ = {
			isa = XCBuildConfiguration;
			buildSettings = {
				ASSETCATALOG_COMPILER_APPICON_NAME = AppIcon;
				INFOPLIST_FILE = HelloAlertController/Info.plist;
				LD_RUNPATH_SEARCH_PATHS = "$(inherited) @executable_path/Frameworks";
				PRODUCT_BUNDLE_IDENTIFIER = com.glee.HelloAlertController;
				PRODUCT_NAME = "$(TARGET_NAME)";
			};
			name = Debug;
		};
		02901EE01DE2CD310089EE8A /* Release */ = {
			isa = XCBuildConfiguration;
			buildSettings = {
				ASSETCATALOG_COMPILER_APPICON_NAME = AppIcon;
				INFOPLIST_FILE = HelloAlertController/Info.plist;
				LD_RUNPATH_SEARCH_PATHS = "$(inherited) @executable_path/Frameworks";
				PRODUCT_BUNDLE_IDENTIFIER = com.glee.HelloAlertController;
				PRODUCT_NAME = "$(TARGET_NAME)";
			};
			name = Release;
		};
/* End XCBuildConfiguration section */

/* Begin XCConfigurationList section */
		02901EC21DE2CD300089EE8A /* Build configuration list for PBXProject "HelloAlertController" */ = {
			isa = XCConfigurationList;
			buildConfigurations = (
				02901EDC1DE2CD310089EE8A /* Debug */,
				02901EDD1DE2CD310089EE8A /* Release */,
			);
			defaultConfigurationIsVisible = 0;
			defaultConfigurationName = Release;
		};
		02901EDE1DE2CD310089EE8A /* Build configuration list for PBXNativeTarget "HelloAlertController" */ = {
			isa = XCConfigurationList;
			buildConfigurations = (
				02901EDF1DE2CD310089EE8A /* Debug */,
				02901EE01DE2CD310089EE8A /* Release */,
			);
			defaultConfigurationIsVisible = 0;
		};
/* End XCConfigurationList section */
	};
	rootObject = 02901EBF1DE2CD300089EE8A /* Project object */;
}
