// !$*UTF8*$!
{
	archiveVersion = 1;
	classes = {
	};
	objectVersion = 46;
	objects = {

/* Begin PBXBuildFile section */
		CB41B92D1D23C10E00E90E03 /* main.m in Sources */ = {isa = PBXBuildFile; fileRef = CB41B92C1D23C10E00E90E03 /* main.m */; };
		CB41B9301D23C10E00E90E03 /* AppDelegate.m in Sources */ = {isa = PBXBuildFile; fileRef = CB41B92F1D23C10E00E90E03 /* AppDelegate.m */; };
		CB41B9331D23C10E00E90E03 /* HelloMyCoreData.xcdatamodeld in Sources */ = {isa = PBXBuildFile; fileRef = CB41B9311D23C10E00E90E03 /* HelloMyCoreData.xcdatamodeld */; };
		CB41B9361D23C10E00E90E03 /* MasterViewController.m in Sources */ = {isa = PBXBuildFile; fileRef = CB41B9351D23C10E00E90E03 /* MasterViewController.m */; };
		CB41B9391D23C10E00E90E03 /* DetailViewController.m in Sources */ = {isa = PBXBuildFile; fileRef = CB41B9381D23C10E00E90E03 /* DetailViewController.m */; };
		CB41B93C1D23C10E00E90E03 /* Main.storyboard in Resources */ = {isa = PBXBuildFile; fileRef = CB41B93A1D23C10E00E90E03 /* Main.storyboard */; };
		CB41B93E1D23C10E00E90E03 /* Assets.xcassets in Resources */ = {isa = PBXBuildFile; fileRef = CB41B93D1D23C10E00E90E03 /* Assets.xcassets */; };
		CB41B9411D23C10E00E90E03 /* LaunchScreen.storyboard in Resources */ = {isa = PBXBuildFile; fileRef = CB41B93F1D23C10E00E90E03 /* LaunchScreen.storyboard */; };
/* End PBXBuildFile section */

/* Begin PBXFileReference section */
		CB41B9281D23C10E00E90E03 /* HelloMyCoreData.app */ = {isa = PBXFileReference; explicitFileType = wrapper.application; includeInIndex = 0; path = HelloMyCoreData.app; sourceTree = BUILT_PRODUCTS_DIR; };
		CB41B92C1D23C10E00E90E03 /* main.m */ = {isa = PBXFileReference; lastKnownFileType = sourcecode.c.objc; path = main.m; sourceTree = "<group>"; };
		CB41B92E1D23C10E00E90E03 /* AppDelegate.h */ = {isa = PBXFileReference; lastKnownFileType = sourcecode.c.h; path = AppDelegate.h; sourceTree = "<group>"; };
		CB41B92F1D23C10E00E90E03 /* AppDelegate.m */ = {isa = PBXFileReference; lastKnownFileType = sourcecode.c.objc; path = AppDelegate.m; sourceTree = "<group>"; };
		CB41B9321D23C10E00E90E03 /* HelloMyCoreData.xcdatamodel */ = {isa = PBXFileReference; lastKnownFileType = wrapper.xcdatamodel; path = HelloMyCoreData.xcdatamodel; sourceTree = "<group>"; };
		CB41B9341D23C10E00E90E03 /* MasterViewController.h */ = {isa = PBXFileReference; lastKnownFileType = sourcecode.c.h; path = MasterViewController.h; sourceTree = "<group>"; };
		CB41B9351D23C10E00E90E03 /* MasterViewController.m */ = {isa = PBXFileReference; lastKnownFileType = sourcecode.c.objc; path = MasterViewController.m; sourceTree = "<group>"; };
		CB41B9371D23C10E00E90E03 /* DetailViewController.h */ = {isa = PBXFileReference; lastKnownFileType = sourcecode.c.h; path = DetailViewController.h; sourceTree = "<group>"; };
		CB41B9381D23C10E00E90E03 /* DetailViewController.m */ = {isa = PBXFileReference; lastKnownFileType = sourcecode.c.objc; path = DetailViewController.m; sourceTree = "<group>"; };
		CB41B93B1D23C10E00E90E03 /* Base */ = {isa = PBXFileReference; lastKnownFileType = file.storyboard; name = Base; path = Base.lproj/Main.storyboard; sourceTree = "<group>"; };
		CB41B93D1D23C10E00E90E03 /* Assets.xcassets */ = {isa = PBXFileReference; lastKnownFileType = folder.assetcatalog; path = Assets.xcassets; sourceTree = "<group>"; };
		CB41B9401D23C10E00E90E03 /* Base */ = {isa = PBXFileReference; lastKnownFileType = file.storyboard; name = Base; path = Base.lproj/LaunchScreen.storyboard; sourceTree = "<group>"; };
		CB41B9421D23C10E00E90E03 /* Info.plist */ = {isa = PBXFileReference; lastKnownFileType = text.plist.xml; path = Info.plist; sourceTree = "<group>"; };
/* End PBXFileReference section */

/* Begin PBXFrameworksBuildPhase section */
		CB41B9251D23C10E00E90E03 /* Frameworks */ = {
			isa = PBXFrameworksBuildPhase;
			buildActionMask = 2147483647;
			files = (
			);
			runOnlyForDeploymentPostprocessing = 0;
		};
/* End PBXFrameworksBuildPhase section */

/* Begin PBXGroup section */
		CB41B91F1D23C10E00E90E03 = {
			isa = PBXGroup;
			children = (
				CB41B92A1D23C10E00E90E03 /* HelloMyCoreData */,
				CB41B9291D23C10E00E90E03 /* Products */,
			);
			sourceTree = "<group>";
		};
		CB41B9291D23C10E00E90E03 /* Products */ = {
			isa = PBXGroup;
			children = (
				CB41B9281D23C10E00E90E03 /* HelloMyCoreData.app */,
			);
			name = Products;
			sourceTree = "<group>";
		};
		CB41B92A1D23C10E00E90E03 /* HelloMyCoreData */ = {
			isa = PBXGroup;
			children = (
				CB41B92E1D23C10E00E90E03 /* AppDelegate.h */,
				CB41B92F1D23C10E00E90E03 /* AppDelegate.m */,
				CB41B9341D23C10E00E90E03 /* MasterViewController.h */,
				CB41B9351D23C10E00E90E03 /* MasterViewController.m */,
				CB41B9371D23C10E00E90E03 /* DetailViewController.h */,
				CB41B9381D23C10E00E90E03 /* DetailViewController.m */,
				CB41B93A1D23C10E00E90E03 /* Main.storyboard */,
				CB41B93D1D23C10E00E90E03 /* Assets.xcassets */,
				CB41B93F1D23C10E00E90E03 /* LaunchScreen.storyboard */,
				CB41B9421D23C10E00E90E03 /* Info.plist */,
				CB41B9311D23C10E00E90E03 /* HelloMyCoreData.xcdatamodeld */,
				CB41B92B1D23C10E00E90E03 /* Supporting Files */,
			);
			path = HelloMyCoreData;
			sourceTree = "<group>";
		};
		CB41B92B1D23C10E00E90E03 /* Supporting Files */ = {
			isa = PBXGroup;
			children = (
				CB41B92C1D23C10E00E90E03 /* main.m */,
			);
			name = "Supporting Files";
			sourceTree = "<group>";
		};
/* End PBXGroup section */

/* Begin PBXNativeTarget section */
		CB41B9271D23C10E00E90E03 /* HelloMyCoreData */ = {
			isa = PBXNativeTarget;
			buildConfigurationList = CB41B9451D23C10E00E90E03 /* Build configuration list for PBXNativeTarget "HelloMyCoreData" */;
			buildPhases = (
				CB41B9241D23C10E00E90E03 /* Sources */,
				CB41B9251D23C10E00E90E03 /* Frameworks */,
				CB41B9261D23C10E00E90E03 /* Resources */,
			);
			buildRules = (
			);
			dependencies = (
			);
			name = HelloMyCoreData;
			productName = HelloMyCoreData;
			productReference = CB41B9281D23C10E00E90E03 /* HelloMyCoreData.app */;
			productType = "com.apple.product-type.application";
		};
/* End PBXNativeTarget section */

/* Begin PBXProject section */
		CB41B9201D23C10E00E90E03 /* Project object */ = {
			isa = PBXProject;
			attributes = {
				LastUpgradeCheck = 0730;
				ORGANIZATIONNAME = "Kent Liu";
				TargetAttributes = {
					CB41B9271D23C10E00E90E03 = {
						CreatedOnToolsVersion = 7.3.1;
					};
				};
			};
			buildConfigurationList = CB41B9231D23C10E00E90E03 /* Build configuration list for PBXProject "HelloMyCoreData" */;
			compatibilityVersion = "Xcode 3.2";
			developmentRegion = English;
			hasScannedForEncodings = 0;
			knownRegions = (
				en,
				Base,
			);
			mainGroup = CB41B91F1D23C10E00E90E03;
			productRefGroup = CB41B9291D23C10E00E90E03 /* Products */;
			projectDirPath = "";
			projectRoot = "";
			targets = (
				CB41B9271D23C10E00E90E03 /* HelloMyCoreData */,
			);
		};
/* End PBXProject section */

/* Begin PBXResourcesBuildPhase section */
		CB41B9261D23C10E00E90E03 /* Resources */ = {
			isa = PBXResourcesBuildPhase;
			buildActionMask = 2147483647;
			files = (
				CB41B9411D23C10E00E90E03 /* LaunchScreen.storyboard in Resources */,
				CB41B93E1D23C10E00E90E03 /* Assets.xcassets in Resources */,
				CB41B93C1D23C10E00E90E03 /* Main.storyboard in Resources */,
			);
			runOnlyForDeploymentPostprocessing = 0;
		};
/* End PBXResourcesBuildPhase section */

/* Begin PBXSourcesBuildPhase section */
		CB41B9241D23C10E00E90E03 /* Sources */ = {
			isa = PBXSourcesBuildPhase;
			buildActionMask = 2147483647;
			files = (
				CB41B9391D23C10E00E90E03 /* DetailViewController.m in Sources */,
				CB41B9361D23C10E00E90E03 /* MasterViewController.m in Sources */,
				CB41B9301D23C10E00E90E03 /* AppDelegate.m in Sources */,
				CB41B9331D23C10E00E90E03 /* HelloMyCoreData.xcdatamodeld in Sources */,
				CB41B92D1D23C10E00E90E03 /* main.m in Sources */,
			);
			runOnlyForDeploymentPostprocessing = 0;
		};
/* End PBXSourcesBuildPhase section */

/* Begin PBXVariantGroup section */
		CB41B93A1D23C10E00E90E03 /* Main.storyboard */ = {
			isa = PBXVariantGroup;
			children = (
				CB41B93B1D23C10E00E90E03 /* Base */,
			);
			name = Main.storyboard;
			sourceTree = "<group>";
		};
		CB41B93F1D23C10E00E90E03 /* LaunchScreen.storyboard */ = {
			isa = PBXVariantGroup;
			children = (
				CB41B9401D23C10E00E90E03 /* Base */,
			);
			name = LaunchScreen.storyboard;
			sourceTree = "<group>";
		};
/* End PBXVariantGroup section */

/* Begin XCBuildConfiguration section */
		CB41B9431D23C10E00E90E03 /* Debug */ = {
			isa = XCBuildConfiguration;
			buildSettings = {
				ALWAYS_SEARCH_USER_PATHS = NO;
				CLANG_ANALYZER_NONNULL = YES;
				CLANG_CXX_LANGUAGE_STANDARD = "gnu++0x";
				CLANG_CXX_LIBRARY = "libc++";
				CLANG_ENABLE_MODULES = YES;
				CLANG_ENABLE_OBJC_ARC = YES;
				CLANG_WARN_BOOL_CONVERSION = YES;
				CLANG_WARN_CONSTANT_CONVERSION = YES;
				CLANG_WARN_DIRECT_OBJC_ISA_USAGE = YES_ERROR;
				CLANG_WARN_EMPTY_BODY = YES;
				CLANG_WARN_ENUM_CONVERSION = YES;
				CLANG_WARN_INT_CONVERSION = YES;
				CLANG_WARN_OBJC_ROOT_CLASS = YES_ERROR;
				CLANG_WARN_UNREACHABLE_CODE = YES;
				CLANG_WARN__DUPLICATE_METHOD_MATCH = YES;
				"CODE_SIGN_IDENTITY[sdk=iphoneos*]" = "iPhone Developer";
				COPY_PHASE_STRIP = NO;
				DEBUG_INFORMATION_FORMAT = dwarf;
				ENABLE_STRICT_OBJC_MSGSEND = YES;
				ENABLE_TESTABILITY = YES;
				GCC_C_LANGUAGE_STANDARD = gnu99;
				GCC_DYNAMIC_NO_PIC = NO;
				GCC_NO_COMMON_BLOCKS = YES;
				GCC_OPTIMIZATION_LEVEL = 0;
				GCC_PREPROCESSOR_DEFINITIONS = (
					"DEBUG=1",
					"$(inherited)",
				);
				GCC_WARN_64_TO_32_BIT_CONVERSION = YES;
				GCC_WARN_ABOUT_RETURN_TYPE = YES_ERROR;
				GCC_WARN_UNDECLARED_SELECTOR = YES;
				GCC_WARN_UNINITIALIZED_AUTOS = YES_AGGRESSIVE;
				GCC_WARN_UNUSED_FUNCTION = YES;
				GCC_WARN_UNUSED_VARIABLE = YES;
				IPHONEOS_DEPLOYMENT_TARGET = 9.3;
				MTL_ENABLE_DEBUG_INFO = YES;
				ONLY_ACTIVE_ARCH = YES;
				SDKROOT = iphoneos;
				TARGETED_DEVICE_FAMILY = "1,2";
			};
			name = Debug;
		};
		CB41B9441D23C10E00E90E03 /* Release */ = {
			isa = XCBuildConfiguration;
			buildSettings = {
				ALWAYS_SEARCH_USER_PATHS = NO;
				CLANG_ANALYZER_NONNULL = YES;
				CLANG_CXX_LANGUAGE_STANDARD = "gnu++0x";
				CLANG_CXX_LIBRARY = "libc++";
				CLANG_ENABLE_MODULES = YES;
				CLANG_ENABLE_OBJC_ARC = YES;
				CLANG_WARN_BOOL_CONVERSION = YES;
				CLANG_WARN_CONSTANT_CONVERSION = YES;
				CLANG_WARN_DIRECT_OBJC_ISA_USAGE = YES_ERROR;
				CLANG_WARN_EMPTY_BODY = YES;
				CLANG_WARN_ENUM_CONVERSION = YES;
				CLANG_WARN_INT_CONVERSION = YES;
				CLANG_WARN_OBJC_ROOT_CLASS = YES_ERROR;
				CLANG_WARN_UNREACHABLE_CODE = YES;
				CLANG_WARN__DUPLICATE_METHOD_MATCH = YES;
				"CODE_SIGN_IDENTITY[sdk=iphoneos*]" = "iPhone Developer";
				COPY_PHASE_STRIP = NO;
				DEBUG_INFORMATION_FORMAT = "dwarf-with-dsym";
				ENABLE_NS_ASSERTIONS = NO;
				ENABLE_STRICT_OBJC_MSGSEND = YES;
				GCC_C_LANGUAGE_STANDARD = gnu99;
				GCC_NO_COMMON_BLOCKS = YES;
				GCC_WARN_64_TO_32_BIT_CONVERSION = YES;
				GCC_WARN_ABOUT_RETURN_TYPE = YES_ERROR;
				GCC_WARN_UNDECLARED_SELECTOR = YES;
				GCC_WARN_UNINITIALIZED_AUTOS = YES_AGGRESSIVE;
				GCC_WARN_UNUSED_FUNCTION = YES;
				GCC_WARN_UNUSED_VARIABLE = YES;
				IPHONEOS_DEPLOYMENT_TARGET = 9.3;
				MTL_ENABLE_DEBUG_INFO = NO;
				SDKROOT = iphoneos;
				TARGETED_DEVICE_FAMILY = "1,2";
				VALIDATE_PRODUCT = YES;
			};
			name = Release;
		};
		CB41B9461D23C10E00E90E03 /* Debug */ = {
			isa = XCBuildConfiguration;
			buildSettings = {
				ASSETCATALOG_COMPILER_APPICON_NAME = AppIcon;
				INFOPLIST_FILE = HelloMyCoreData/Info.plist;
				LD_RUNPATH_SEARCH_PATHS = "$(inherited) @executable_path/Frameworks";
				PRODUCT_BUNDLE_IDENTIFIER = com.kent.HelloMyCoreData;
				PRODUCT_NAME = "$(TARGET_NAME)";
			};
			name = Debug;
		};
		CB41B9471D23C10E00E90E03 /* Release */ = {
			isa = XCBuildConfiguration;
			buildSettings = {
				ASSETCATALOG_COMPILER_APPICON_NAME = AppIcon;
				INFOPLIST_FILE = HelloMyCoreData/Info.plist;
				LD_RUNPATH_SEARCH_PATHS = "$(inherited) @executable_path/Frameworks";
				PRODUCT_BUNDLE_IDENTIFIER = com.kent.HelloMyCoreData;
				PRODUCT_NAME = "$(TARGET_NAME)";
			};
			name = Release;
		};
/* End XCBuildConfiguration section */

/* Begin XCConfigurationList section */
		CB41B9231D23C10E00E90E03 /* Build configuration list for PBXProject "HelloMyCoreData" */ = {
			isa = XCConfigurationList;
			buildConfigurations = (
				CB41B9431D23C10E00E90E03 /* Debug */,
				CB41B9441D23C10E00E90E03 /* Release */,
			);
			defaultConfigurationIsVisible = 0;
			defaultConfigurationName = Release;
		};
		CB41B9451D23C10E00E90E03 /* Build configuration list for PBXNativeTarget "HelloMyCoreData" */ = {
			isa = XCConfigurationList;
			buildConfigurations = (
				CB41B9461D23C10E00E90E03 /* Debug */,
				CB41B9471D23C10E00E90E03 /* Release */,
			);
			defaultConfigurationIsVisible = 0;
		};
/* End XCConfigurationList section */

/* Begin XCVersionGroup section */
		CB41B9311D23C10E00E90E03 /* HelloMyCoreData.xcdatamodeld */ = {
			isa = XCVersionGroup;
			children = (
				CB41B9321D23C10E00E90E03 /* HelloMyCoreData.xcdatamodel */,
			);
			currentVersion = CB41B9321D23C10E00E90E03 /* HelloMyCoreData.xcdatamodel */;
			path = HelloMyCoreData.xcdatamodeld;
			sourceTree = "<group>";
			versionGroupType = wrapper.xcdatamodel;
		};
/* End XCVersionGroup section */
	};
	rootObject = CB41B9201D23C10E00E90E03 /* Project object */;
}
