// !$*UTF8*$!
{
	archiveVersion = 1;
	classes = {
	};
	objectVersion = 46;
	objects = {

/* Begin PBXBuildFile section */
		CB19CE151DA6705E002756DF /* FriendModel.xcdatamodeld in Sources */ = {isa = PBXBuildFile; fileRef = CB19CE121DA6705E002756DF /* FriendModel.xcdatamodeld */; };
		CB34706F1DA4FE360095F7CC /* Friend+CoreDataClass.m in Sources */ = {isa = PBXBuildFile; fileRef = CB34706C1DA4FE360095F7CC /* Friend+CoreDataClass.m */; };
		CB3470701DA4FE360095F7CC /* Friend+CoreDataProperties.m in Sources */ = {isa = PBXBuildFile; fileRef = CB34706E1DA4FE360095F7CC /* Friend+CoreDataProperties.m */; };
		CBB772F41DA4B44800F35B98 /* main.m in Sources */ = {isa = PBXBuildFile; fileRef = CBB772F31DA4B44800F35B98 /* main.m */; };
		CBB772F71DA4B44800F35B98 /* AppDelegate.m in Sources */ = {isa = PBXBuildFile; fileRef = CBB772F61DA4B44800F35B98 /* AppDelegate.m */; };
		CBB772FA1DA4B44800F35B98 /* MasterViewController.m in Sources */ = {isa = PBXBuildFile; fileRef = CBB772F91DA4B44800F35B98 /* MasterViewController.m */; };
		CBB772FD1DA4B44800F35B98 /* DetailViewController.m in Sources */ = {isa = PBXBuildFile; fileRef = CBB772FC1DA4B44800F35B98 /* DetailViewController.m */; };
		CBB773001DA4B44800F35B98 /* Main.storyboard in Resources */ = {isa = PBXBuildFile; fileRef = CBB772FE1DA4B44800F35B98 /* Main.storyboard */; };
		CBB773021DA4B44800F35B98 /* Assets.xcassets in Resources */ = {isa = PBXBuildFile; fileRef = CBB773011DA4B44800F35B98 /* Assets.xcassets */; };
		CBB773051DA4B44800F35B98 /* LaunchScreen.storyboard in Resources */ = {isa = PBXBuildFile; fileRef = CBB773031DA4B44800F35B98 /* LaunchScreen.storyboard */; };
		CBB7730E1DA4B4A900F35B98 /* CoreData.framework in Frameworks */ = {isa = PBXBuildFile; fileRef = CBB7730D1DA4B4A900F35B98 /* CoreData.framework */; };
		CBB773141DA4B6FD00F35B98 /* CoreDataManager.m in Sources */ = {isa = PBXBuildFile; fileRef = CBB773131DA4B6FA00F35B98 /* CoreDataManager.m */; };
/* End PBXBuildFile section */

/* Begin PBXFileReference section */
		CB19CE131DA6705E002756DF /* FriendModel.xcdatamodel */ = {isa = PBXFileReference; lastKnownFileType = wrapper.xcdatamodel; path = FriendModel.xcdatamodel; sourceTree = "<group>"; };
		CB19CE141DA6705E002756DF /* HelloCoreDataManager-Bridging-Header.h */ = {isa = PBXFileReference; fileEncoding = 4; lastKnownFileType = sourcecode.c.h; path = "HelloCoreDataManager-Bridging-Header.h"; sourceTree = "<group>"; };
		CB34706B1DA4FE360095F7CC /* Friend+CoreDataClass.h */ = {isa = PBXFileReference; fileEncoding = 4; lastKnownFileType = sourcecode.c.h; path = "Friend+CoreDataClass.h"; sourceTree = "<group>"; };
		CB34706C1DA4FE360095F7CC /* Friend+CoreDataClass.m */ = {isa = PBXFileReference; fileEncoding = 4; lastKnownFileType = sourcecode.c.objc; path = "Friend+CoreDataClass.m"; sourceTree = "<group>"; };
		CB34706D1DA4FE360095F7CC /* Friend+CoreDataProperties.h */ = {isa = PBXFileReference; fileEncoding = 4; lastKnownFileType = sourcecode.c.h; path = "Friend+CoreDataProperties.h"; sourceTree = "<group>"; };
		CB34706E1DA4FE360095F7CC /* Friend+CoreDataProperties.m */ = {isa = PBXFileReference; fileEncoding = 4; lastKnownFileType = sourcecode.c.objc; path = "Friend+CoreDataProperties.m"; sourceTree = "<group>"; };
		CBB772EF1DA4B44800F35B98 /* HelloCoreDataManager.app */ = {isa = PBXFileReference; explicitFileType = wrapper.application; includeInIndex = 0; path = HelloCoreDataManager.app; sourceTree = BUILT_PRODUCTS_DIR; };
		CBB772F31DA4B44800F35B98 /* main.m */ = {isa = PBXFileReference; lastKnownFileType = sourcecode.c.objc; path = main.m; sourceTree = "<group>"; };
		CBB772F51DA4B44800F35B98 /* AppDelegate.h */ = {isa = PBXFileReference; lastKnownFileType = sourcecode.c.h; path = AppDelegate.h; sourceTree = "<group>"; };
		CBB772F61DA4B44800F35B98 /* AppDelegate.m */ = {isa = PBXFileReference; lastKnownFileType = sourcecode.c.objc; path = AppDelegate.m; sourceTree = "<group>"; };
		CBB772F81DA4B44800F35B98 /* MasterViewController.h */ = {isa = PBXFileReference; lastKnownFileType = sourcecode.c.h; path = MasterViewController.h; sourceTree = "<group>"; };
		CBB772F91DA4B44800F35B98 /* MasterViewController.m */ = {isa = PBXFileReference; lastKnownFileType = sourcecode.c.objc; path = MasterViewController.m; sourceTree = "<group>"; };
		CBB772FB1DA4B44800F35B98 /* DetailViewController.h */ = {isa = PBXFileReference; lastKnownFileType = sourcecode.c.h; path = DetailViewController.h; sourceTree = "<group>"; };
		CBB772FC1DA4B44800F35B98 /* DetailViewController.m */ = {isa = PBXFileReference; lastKnownFileType = sourcecode.c.objc; path = DetailViewController.m; sourceTree = "<group>"; };
		CBB772FF1DA4B44800F35B98 /* Base */ = {isa = PBXFileReference; lastKnownFileType = file.storyboard; name = Base; path = Base.lproj/Main.storyboard; sourceTree = "<group>"; };
		CBB773011DA4B44800F35B98 /* Assets.xcassets */ = {isa = PBXFileReference; lastKnownFileType = folder.assetcatalog; path = Assets.xcassets; sourceTree = "<group>"; };
		CBB773041DA4B44800F35B98 /* Base */ = {isa = PBXFileReference; lastKnownFileType = file.storyboard; name = Base; path = Base.lproj/LaunchScreen.storyboard; sourceTree = "<group>"; };
		CBB773061DA4B44800F35B98 /* Info.plist */ = {isa = PBXFileReference; lastKnownFileType = text.plist.xml; path = Info.plist; sourceTree = "<group>"; };
		CBB7730D1DA4B4A900F35B98 /* CoreData.framework */ = {isa = PBXFileReference; lastKnownFileType = wrapper.framework; name = CoreData.framework; path = System/Library/Frameworks/CoreData.framework; sourceTree = SDKROOT; };
		CBB773121DA4B6FA00F35B98 /* CoreDataManager.h */ = {isa = PBXFileReference; fileEncoding = 4; lastKnownFileType = sourcecode.c.h; path = CoreDataManager.h; sourceTree = "<group>"; };
		CBB773131DA4B6FA00F35B98 /* CoreDataManager.m */ = {isa = PBXFileReference; fileEncoding = 4; lastKnownFileType = sourcecode.c.objc; path = CoreDataManager.m; sourceTree = "<group>"; };
/* End PBXFileReference section */

/* Begin PBXFrameworksBuildPhase section */
		CBB772EC1DA4B44800F35B98 /* Frameworks */ = {
			isa = PBXFrameworksBuildPhase;
			buildActionMask = 2147483647;
			files = (
				CBB7730E1DA4B4A900F35B98 /* CoreData.framework in Frameworks */,
			);
			runOnlyForDeploymentPostprocessing = 0;
		};
/* End PBXFrameworksBuildPhase section */

/* Begin PBXGroup section */
		CBB772E61DA4B44800F35B98 = {
			isa = PBXGroup;
			children = (
				CBB772F11DA4B44800F35B98 /* HelloCoreDataManager */,
				CBB772F01DA4B44800F35B98 /* Products */,
				CBB7730C1DA4B4A900F35B98 /* Frameworks */,
			);
			sourceTree = "<group>";
		};
		CBB772F01DA4B44800F35B98 /* Products */ = {
			isa = PBXGroup;
			children = (
				CBB772EF1DA4B44800F35B98 /* HelloCoreDataManager.app */,
			);
			name = Products;
			sourceTree = "<group>";
		};
		CBB772F11DA4B44800F35B98 /* HelloCoreDataManager */ = {
			isa = PBXGroup;
			children = (
				CB34706B1DA4FE360095F7CC /* Friend+CoreDataClass.h */,
				CB34706C1DA4FE360095F7CC /* Friend+CoreDataClass.m */,
				CB34706D1DA4FE360095F7CC /* Friend+CoreDataProperties.h */,
				CB34706E1DA4FE360095F7CC /* Friend+CoreDataProperties.m */,
				CB19CE121DA6705E002756DF /* FriendModel.xcdatamodeld */,
				CBB773121DA4B6FA00F35B98 /* CoreDataManager.h */,
				CBB773131DA4B6FA00F35B98 /* CoreDataManager.m */,
				CBB772F51DA4B44800F35B98 /* AppDelegate.h */,
				CBB772F61DA4B44800F35B98 /* AppDelegate.m */,
				CBB772F81DA4B44800F35B98 /* MasterViewController.h */,
				CBB772F91DA4B44800F35B98 /* MasterViewController.m */,
				CBB772FB1DA4B44800F35B98 /* DetailViewController.h */,
				CBB772FC1DA4B44800F35B98 /* DetailViewController.m */,
				CBB772FE1DA4B44800F35B98 /* Main.storyboard */,
				CBB773011DA4B44800F35B98 /* Assets.xcassets */,
				CBB773031DA4B44800F35B98 /* LaunchScreen.storyboard */,
				CBB773061DA4B44800F35B98 /* Info.plist */,
				CB19CE141DA6705E002756DF /* HelloCoreDataManager-Bridging-Header.h */,
				CBB772F21DA4B44800F35B98 /* Supporting Files */,
			);
			path = HelloCoreDataManager;
			sourceTree = "<group>";
		};
		CBB772F21DA4B44800F35B98 /* Supporting Files */ = {
			isa = PBXGroup;
			children = (
				CBB772F31DA4B44800F35B98 /* main.m */,
			);
			name = "Supporting Files";
			sourceTree = "<group>";
		};
		CBB7730C1DA4B4A900F35B98 /* Frameworks */ = {
			isa = PBXGroup;
			children = (
				CBB7730D1DA4B4A900F35B98 /* CoreData.framework */,
			);
			name = Frameworks;
			sourceTree = "<group>";
		};
/* End PBXGroup section */

/* Begin PBXNativeTarget section */
		CBB772EE1DA4B44800F35B98 /* HelloCoreDataManager */ = {
			isa = PBXNativeTarget;
			buildConfigurationList = CBB773091DA4B44800F35B98 /* Build configuration list for PBXNativeTarget "HelloCoreDataManager" */;
			buildPhases = (
				CBB772EB1DA4B44800F35B98 /* Sources */,
				CBB772EC1DA4B44800F35B98 /* Frameworks */,
				CBB772ED1DA4B44800F35B98 /* Resources */,
			);
			buildRules = (
			);
			dependencies = (
			);
			name = HelloCoreDataManager;
			productName = HelloCoreDataManager;
			productReference = CBB772EF1DA4B44800F35B98 /* HelloCoreDataManager.app */;
			productType = "com.apple.product-type.application";
		};
/* End PBXNativeTarget section */

/* Begin PBXProject section */
		CBB772E71DA4B44800F35B98 /* Project object */ = {
			isa = PBXProject;
			attributes = {
				LastUpgradeCheck = 0820;
				ORGANIZATIONNAME = "Kent Liu";
				TargetAttributes = {
					CBB772EE1DA4B44800F35B98 = {
						CreatedOnToolsVersion = 8.0;
						LastSwiftMigration = 0800;
						ProvisioningStyle = Automatic;
					};
				};
			};
			buildConfigurationList = CBB772EA1DA4B44800F35B98 /* Build configuration list for PBXProject "HelloCoreDataManager" */;
			compatibilityVersion = "Xcode 3.2";
			developmentRegion = English;
			hasScannedForEncodings = 0;
			knownRegions = (
				en,
				Base,
			);
			mainGroup = CBB772E61DA4B44800F35B98;
			productRefGroup = CBB772F01DA4B44800F35B98 /* Products */;
			projectDirPath = "";
			projectRoot = "";
			targets = (
				CBB772EE1DA4B44800F35B98 /* HelloCoreDataManager */,
			);
		};
/* End PBXProject section */

/* Begin PBXResourcesBuildPhase section */
		CBB772ED1DA4B44800F35B98 /* Resources */ = {
			isa = PBXResourcesBuildPhase;
			buildActionMask = 2147483647;
			files = (
				CBB773051DA4B44800F35B98 /* LaunchScreen.storyboard in Resources */,
				CBB773021DA4B44800F35B98 /* Assets.xcassets in Resources */,
				CBB773001DA4B44800F35B98 /* Main.storyboard in Resources */,
			);
			runOnlyForDeploymentPostprocessing = 0;
		};
/* End PBXResourcesBuildPhase section */

/* Begin PBXSourcesBuildPhase section */
		CBB772EB1DA4B44800F35B98 /* Sources */ = {
			isa = PBXSourcesBuildPhase;
			buildActionMask = 2147483647;
			files = (
				CBB773141DA4B6FD00F35B98 /* CoreDataManager.m in Sources */,
				CB19CE151DA6705E002756DF /* FriendModel.xcdatamodeld in Sources */,
				CB3470701DA4FE360095F7CC /* Friend+CoreDataProperties.m in Sources */,
				CBB772F71DA4B44800F35B98 /* AppDelegate.m in Sources */,
				CBB772FA1DA4B44800F35B98 /* MasterViewController.m in Sources */,
				CBB772F41DA4B44800F35B98 /* main.m in Sources */,
				CBB772FD1DA4B44800F35B98 /* DetailViewController.m in Sources */,
				CB34706F1DA4FE360095F7CC /* Friend+CoreDataClass.m in Sources */,
			);
			runOnlyForDeploymentPostprocessing = 0;
		};
/* End PBXSourcesBuildPhase section */

/* Begin PBXVariantGroup section */
		CBB772FE1DA4B44800F35B98 /* Main.storyboard */ = {
			isa = PBXVariantGroup;
			children = (
				CBB772FF1DA4B44800F35B98 /* Base */,
			);
			name = Main.storyboard;
			sourceTree = "<group>";
		};
		CBB773031DA4B44800F35B98 /* LaunchScreen.storyboard */ = {
			isa = PBXVariantGroup;
			children = (
				CBB773041DA4B44800F35B98 /* Base */,
			);
			name = LaunchScreen.storyboard;
			sourceTree = "<group>";
		};
/* End PBXVariantGroup section */

/* Begin XCBuildConfiguration section */
		CBB773071DA4B44800F35B98 /* Debug */ = {
			isa = XCBuildConfiguration;
			buildSettings = {
				ALWAYS_SEARCH_USER_PATHS = NO;
				CLANG_ANALYZER_NONNULL = YES;
				CLANG_CXX_LANGUAGE_STANDARD = "gnu++0x";
				CLANG_CXX_LIBRARY = "libc++";
				CLANG_ENABLE_MODULES = YES;
				CLANG_ENABLE_OBJC_ARC = YES;
				CLANG_WARN_BOOL_CONVERSION = YES;
				CLANG_WARN_CONSTANT_CONVERSION = YES;
				CLANG_WARN_DIRECT_OBJC_ISA_USAGE = YES_ERROR;
				CLANG_WARN_DOCUMENTATION_COMMENTS = YES;
				CLANG_WARN_EMPTY_BODY = YES;
				CLANG_WARN_ENUM_CONVERSION = YES;
				CLANG_WARN_INFINITE_RECURSION = YES;
				CLANG_WARN_INT_CONVERSION = YES;
				CLANG_WARN_OBJC_ROOT_CLASS = YES_ERROR;
				CLANG_WARN_SUSPICIOUS_MOVE = YES;
				CLANG_WARN_SUSPICIOUS_MOVES = YES;
				CLANG_WARN_UNREACHABLE_CODE = YES;
				CLANG_WARN__DUPLICATE_METHOD_MATCH = YES;
				"CODE_SIGN_IDENTITY[sdk=iphoneos*]" = "iPhone Developer";
				COPY_PHASE_STRIP = NO;
				DEBUG_INFORMATION_FORMAT = dwarf;
				ENABLE_STRICT_OBJC_MSGSEND = YES;
				ENABLE_TESTABILITY = YES;
				GCC_C_LANGUAGE_STANDARD = gnu99;
				GCC_DYNAMIC_NO_PIC = NO;
				GCC_NO_COMMON_BLOCKS = YES;
				GCC_OPTIMIZATION_LEVEL = 0;
				GCC_PREPROCESSOR_DEFINITIONS = (
					"DEBUG=1",
					"$(inherited)",
				);
				GCC_WARN_64_TO_32_BIT_CONVERSION = YES;
				GCC_WARN_ABOUT_RETURN_TYPE = YES_ERROR;
				GCC_WARN_UNDECLARED_SELECTOR = YES;
				GCC_WARN_UNINITIALIZED_AUTOS = YES_AGGRESSIVE;
				GCC_WARN_UNUSED_FUNCTION = YES;
				GCC_WARN_UNUSED_VARIABLE = YES;
				IPHONEOS_DEPLOYMENT_TARGET = 10.0;
				MTL_ENABLE_DEBUG_INFO = YES;
				ONLY_ACTIVE_ARCH = YES;
				SDKROOT = iphoneos;
				TARGETED_DEVICE_FAMILY = "1,2";
			};
			name = Debug;
		};
		CBB773081DA4B44800F35B98 /* Release */ = {
			isa = XCBuildConfiguration;
			buildSettings = {
				ALWAYS_SEARCH_USER_PATHS = NO;
				CLANG_ANALYZER_NONNULL = YES;
				CLANG_CXX_LANGUAGE_STANDARD = "gnu++0x";
				CLANG_CXX_LIBRARY = "libc++";
				CLANG_ENABLE_MODULES = YES;
				CLANG_ENABLE_OBJC_ARC = YES;
				CLANG_WARN_BOOL_CONVERSION = YES;
				CLANG_WARN_CONSTANT_CONVERSION = YES;
				CLANG_WARN_DIRECT_OBJC_ISA_USAGE = YES_ERROR;
				CLANG_WARN_DOCUMENTATION_COMMENTS = YES;
				CLANG_WARN_EMPTY_BODY = YES;
				CLANG_WARN_ENUM_CONVERSION = YES;
				CLANG_WARN_INFINITE_RECURSION = YES;
				CLANG_WARN_INT_CONVERSION = YES;
				CLANG_WARN_OBJC_ROOT_CLASS = YES_ERROR;
				CLANG_WARN_SUSPICIOUS_MOVE = YES;
				CLANG_WARN_SUSPICIOUS_MOVES = YES;
				CLANG_WARN_UNREACHABLE_CODE = YES;
				CLANG_WARN__DUPLICATE_METHOD_MATCH = YES;
				"CODE_SIGN_IDENTITY[sdk=iphoneos*]" = "iPhone Developer";
				COPY_PHASE_STRIP = NO;
				DEBUG_INFORMATION_FORMAT = "dwarf-with-dsym";
				ENABLE_NS_ASSERTIONS = NO;
				ENABLE_STRICT_OBJC_MSGSEND = YES;
				GCC_C_LANGUAGE_STANDARD = gnu99;
				GCC_NO_COMMON_BLOCKS = YES;
				GCC_WARN_64_TO_32_BIT_CONVERSION = YES;
				GCC_WARN_ABOUT_RETURN_TYPE = YES_ERROR;
				GCC_WARN_UNDECLARED_SELECTOR = YES;
				GCC_WARN_UNINITIALIZED_AUTOS = YES_AGGRESSIVE;
				GCC_WARN_UNUSED_FUNCTION = YES;
				GCC_WARN_UNUSED_VARIABLE = YES;
				IPHONEOS_DEPLOYMENT_TARGET = 10.0;
				MTL_ENABLE_DEBUG_INFO = NO;
				SDKROOT = iphoneos;
				TARGETED_DEVICE_FAMILY = "1,2";
				VALIDATE_PRODUCT = YES;
			};
			name = Release;
		};
		CBB7730A1DA4B44800F35B98 /* Debug */ = {
			isa = XCBuildConfiguration;
			buildSettings = {
				ASSETCATALOG_COMPILER_APPICON_NAME = AppIcon;
				CLANG_ENABLE_MODULES = YES;
				INFOPLIST_FILE = HelloCoreDataManager/Info.plist;
				LD_RUNPATH_SEARCH_PATHS = "$(inherited) @executable_path/Frameworks";
				PRODUCT_BUNDLE_IDENTIFIER = com.kent.HelloCoreDataManager;
				PRODUCT_NAME = "$(TARGET_NAME)";
				SWIFT_OBJC_BRIDGING_HEADER = "HelloCoreDataManager-Bridging-Header.h";
				SWIFT_OPTIMIZATION_LEVEL = "-Onone";
				SWIFT_VERSION = 3.0;
			};
			name = Debug;
		};
		CBB7730B1DA4B44800F35B98 /* Release */ = {
			isa = XCBuildConfiguration;
			buildSettings = {
				ASSETCATALOG_COMPILER_APPICON_NAME = AppIcon;
				CLANG_ENABLE_MODULES = YES;
				INFOPLIST_FILE = HelloCoreDataManager/Info.plist;
				LD_RUNPATH_SEARCH_PATHS = "$(inherited) @executable_path/Frameworks";
				PRODUCT_BUNDLE_IDENTIFIER = com.kent.HelloCoreDataManager;
				PRODUCT_NAME = "$(TARGET_NAME)";
				SWIFT_OBJC_BRIDGING_HEADER = "HelloCoreDataManager-Bridging-Header.h";
				SWIFT_VERSION = 3.0;
			};
			name = Release;
		};
/* End XCBuildConfiguration section */

/* Begin XCConfigurationList section */
		CBB772EA1DA4B44800F35B98 /* Build configuration list for PBXProject "HelloCoreDataManager" */ = {
			isa = XCConfigurationList;
			buildConfigurations = (
				CBB773071DA4B44800F35B98 /* Debug */,
				CBB773081DA4B44800F35B98 /* Release */,
			);
			defaultConfigurationIsVisible = 0;
			defaultConfigurationName = Release;
		};
		CBB773091DA4B44800F35B98 /* Build configuration list for PBXNativeTarget "HelloCoreDataManager" */ = {
			isa = XCConfigurationList;
			buildConfigurations = (
				CBB7730A1DA4B44800F35B98 /* Debug */,
				CBB7730B1DA4B44800F35B98 /* Release */,
			);
			defaultConfigurationIsVisible = 0;
			defaultConfigurationName = Release;
		};
/* End XCConfigurationList section */

/* Begin XCVersionGroup section */
		CB19CE121DA6705E002756DF /* FriendModel.xcdatamodeld */ = {
			isa = XCVersionGroup;
			children = (
				CB19CE131DA6705E002756DF /* FriendModel.xcdatamodel */,
			);
			currentVersion = CB19CE131DA6705E002756DF /* FriendModel.xcdatamodel */;
			path = FriendModel.xcdatamodeld;
			sourceTree = "<group>";
			versionGroupType = wrapper.xcdatamodel;
		};
/* End XCVersionGroup section */
	};
	rootObject = CBB772E71DA4B44800F35B98 /* Project object */;
}
